
Microsoft Visual Studio Solution File, Format Version 12.00
# Visual Studio Version 17
VisualStudioVersion = 17.5.33530.505
MinimumVisualStudioVersion = 10.0.40219.1
Project("{FAE04EC0-301F-11D3-BF4B-00C04F79EFBC}") = "ChatGPTByPhongLV", "ChatGPTByPhongLV\ChatGPTByPhongLV.csproj", "{D585C09B-9FE3-480F-9BA5-DEF050974E8E}"
EndProject
Global
	GlobalSection(SolutionConfigurationPlatforms) = preSolution
		Debug|Any CPU = Debug|Any CPU
		Release|Any CPU = Release|Any CPU
	EndGlobalSection
	GlobalSection(ProjectConfigurationPlatforms) = postSolution
		{D585C09B-9FE3-480F-9BA5-DEF050974E8E}.Debug|Any CPU.ActiveCfg = Debug|Any CPU
		{D585C09B-9FE3-480F-9BA5-DEF050974E8E}.Debug|Any CPU.Build.0 = Debug|Any CPU
		{D585C09B-9FE3-480F-9BA5-DEF050974E8E}.Release|Any CPU.ActiveCfg = Release|Any CPU
		{D585C09B-9FE3-480F-9BA5-DEF050974E8E}.Release|Any CPU.Build.0 = Release|Any CPU
	EndGlobalSection
	GlobalSection(SolutionProperties) = preSolution
		HideSolutionNode = FALSE
	EndGlobalSection
	GlobalSection(ExtensibilityGlobals) = postSolution
		SolutionGuid = {B69CA5DF-7799-420F-AA9D-E542182379AA}
	EndGlobalSection
EndGlobal
